
Microsoft Visual Studio Solution File, Format Version 12.00
Project("{FAE04EC0-301F-11D3-BF4B-00C04F79EFBC}") = "WebApplication2", "WebApplication2\WebApplication2.csproj", "{B5F1761B-23CD-4566-A7BD-7D363A9ACE22}"
EndProject
Global
	GlobalSection(SolutionConfigurationPlatforms) = preSolution
		Debug|Any CPU = Debug|Any CPU
		Release|Any CPU = Release|Any CPU
	EndGlobalSection
	GlobalSection(ProjectConfigurationPlatforms) = postSolution
		{B5F1761B-23CD-4566-A7BD-7D363A9ACE22}.Debug|Any CPU.ActiveCfg = Debug|Any CPU
		{B5F1761B-23CD-4566-A7BD-7D363A9ACE22}.Debug|Any CPU.Build.0 = Debug|Any CPU
		{B5F1761B-23CD-4566-A7BD-7D363A9ACE22}.Release|Any CPU.ActiveCfg = Release|Any CPU
		{B5F1761B-23CD-4566-A7BD-7D363A9ACE22}.Release|Any CPU.Build.0 = Release|Any CPU
	EndGlobalSection
EndGlobal
